
Microsoft Visual Studio Solution File, Format Version 12.00
# Visual Studio 15
VisualStudioVersion = 15.0.27130.2010
MinimumVisualStudioVersion = 10.0.40219.1
Project("{FAE04EC0-301F-11D3-BF4B-00C04F79EFBC}") = "DragControlsDemo", "DragControlsDemo\DragControlsDemo.csproj", "{498FB073-0C90-4C78-B6A0-7B2E1B0876E5}"
EndProject
Global
	GlobalSection(SolutionConfigurationPlatforms) = preSolution
		Debug|Any CPU = Debug|Any CPU
		Release|Any CPU = Release|Any CPU
	EndGlobalSection
	GlobalSection(ProjectConfigurationPlatforms) = postSolution
		{498FB073-0C90-4C78-B6A0-7B2E1B0876E5}.Debug|Any CPU.ActiveCfg = Debug|Any CPU
		{498FB073-0C90-4C78-B6A0-7B2E1B0876E5}.Debug|Any CPU.Build.0 = Debug|Any CPU
		{498FB073-0C90-4C78-B6A0-7B2E1B0876E5}.Release|Any CPU.ActiveCfg = Release|Any CPU
		{498FB073-0C90-4C78-B6A0-7B2E1B0876E5}.Release|Any CPU.Build.0 = Release|Any CPU
	EndGlobalSection
	GlobalSection(SolutionProperties) = preSolution
		HideSolutionNode = FALSE
	EndGlobalSection
	GlobalSection(ExtensibilityGlobals) = postSolution
		SolutionGuid = {FB1AA4B8-9DF9-439D-B565-94909DDEB687}
	EndGlobalSection
EndGlobal
